
Microsoft Visual Studio Solution File, Format Version 12.00
# Visual Studio Version 17
VisualStudioVersion = 17.4.33205.214
MinimumVisualStudioVersion = 10.0.40219.1
Project("{9A19103F-16F7-4668-BE54-9A1E7A4F7556}") = "Guide.Translate.Business", "Guide.Translate.Business\Guide.Translate.Business.csproj", "{9C1A9652-A35C-45ED-905E-FEBA09F8F2CF}"
EndProject
Project("{FAE04EC0-301F-11D3-BF4B-00C04F79EFBC}") = "Guide.Translate.Api", "Guide.Translate.Api\Guide.Translate.Api.csproj", "{AF2BAB75-CE88-4451-9F4C-164B1E533B79}"
EndProject
Project("{FAE04EC0-301F-11D3-BF4B-00C04F79EFBC}") = "Guide.Translate.AntiCorruption", "Guide.Translate.AntiCorruption\Guide.Translate.AntiCorruption.csproj", "{60EB4264-EF5A-4D3E-B16C-2950607C9E5E}"
EndProject
Global
	GlobalSection(SolutionConfigurationPlatforms) = preSolution
		Debug|Any CPU = Debug|Any CPU
		Release|Any CPU = Release|Any CPU
	EndGlobalSection
	GlobalSection(ProjectConfigurationPlatforms) = postSolution
		{9C1A9652-A35C-45ED-905E-FEBA09F8F2CF}.Debug|Any CPU.ActiveCfg = Debug|Any CPU
		{9C1A9652-A35C-45ED-905E-FEBA09F8F2CF}.Debug|Any CPU.Build.0 = Debug|Any CPU
		{9C1A9652-A35C-45ED-905E-FEBA09F8F2CF}.Release|Any CPU.ActiveCfg = Release|Any CPU
		{9C1A9652-A35C-45ED-905E-FEBA09F8F2CF}.Release|Any CPU.Build.0 = Release|Any CPU
		{AF2BAB75-CE88-4451-9F4C-164B1E533B79}.Debug|Any CPU.ActiveCfg = Debug|Any CPU
		{AF2BAB75-CE88-4451-9F4C-164B1E533B79}.Debug|Any CPU.Build.0 = Debug|Any CPU
		{AF2BAB75-CE88-4451-9F4C-164B1E533B79}.Release|Any CPU.ActiveCfg = Release|Any CPU
		{AF2BAB75-CE88-4451-9F4C-164B1E533B79}.Release|Any CPU.Build.0 = Release|Any CPU
		{60EB4264-EF5A-4D3E-B16C-2950607C9E5E}.Debug|Any CPU.ActiveCfg = Debug|Any CPU
		{60EB4264-EF5A-4D3E-B16C-2950607C9E5E}.Debug|Any CPU.Build.0 = Debug|Any CPU
		{60EB4264-EF5A-4D3E-B16C-2950607C9E5E}.Release|Any CPU.ActiveCfg = Release|Any CPU
		{60EB4264-EF5A-4D3E-B16C-2950607C9E5E}.Release|Any CPU.Build.0 = Release|Any CPU
	EndGlobalSection
	GlobalSection(SolutionProperties) = preSolution
		HideSolutionNode = FALSE
	EndGlobalSection
	GlobalSection(ExtensibilityGlobals) = postSolution
		SolutionGuid = {1F8610EB-5BB9-4C0E-8091-3C93624552F8}
	EndGlobalSection
EndGlobal
